
Microsoft Visual Studio Solution File, Format Version 12.00
Project("{FAE04EC0-301F-11D3-BF4B-00C04F79EFBC}") = "learning-automock", "learning-automock\learning-automock.csproj", "{ED437AF1-84C7-4862-B269-A8B3E4260877}"
EndProject
Project("{FAE04EC0-301F-11D3-BF4B-00C04F79EFBC}") = "learning-automock-test", "learning-automock-test\learning-automock-test.csproj", "{B0ED5DFF-83C8-4B65-9801-08E8AEEB7F6A}"
EndProject
Global
	GlobalSection(SolutionConfigurationPlatforms) = preSolution
		Debug|Any CPU = Debug|Any CPU
		Release|Any CPU = Release|Any CPU
	EndGlobalSection
	GlobalSection(ProjectConfigurationPlatforms) = postSolution
		{ED437AF1-84C7-4862-B269-A8B3E4260877}.Debug|Any CPU.ActiveCfg = Debug|Any CPU
		{ED437AF1-84C7-4862-B269-A8B3E4260877}.Debug|Any CPU.Build.0 = Debug|Any CPU
		{ED437AF1-84C7-4862-B269-A8B3E4260877}.Release|Any CPU.ActiveCfg = Release|Any CPU
		{ED437AF1-84C7-4862-B269-A8B3E4260877}.Release|Any CPU.Build.0 = Release|Any CPU
		{B0ED5DFF-83C8-4B65-9801-08E8AEEB7F6A}.Debug|Any CPU.ActiveCfg = Debug|Any CPU
		{B0ED5DFF-83C8-4B65-9801-08E8AEEB7F6A}.Debug|Any CPU.Build.0 = Debug|Any CPU
		{B0ED5DFF-83C8-4B65-9801-08E8AEEB7F6A}.Release|Any CPU.ActiveCfg = Release|Any CPU
		{B0ED5DFF-83C8-4B65-9801-08E8AEEB7F6A}.Release|Any CPU.Build.0 = Release|Any CPU
	EndGlobalSection
EndGlobal
